
Microsoft Visual Studio Solution File, Format Version 12.00
# Visual Studio 14
VisualStudioVersion = 14.0.24720.0
MinimumVisualStudioVersion = 10.0.40219.1
Project("{FAE04EC0-301F-11D3-BF4B-00C04F79EFBC}") = "Vidly", "Vidly\Vidly.csproj", "{EB3BE6E9-DB99-4378-AD36-8D4A899D1BB3}"
EndProject
Global
	GlobalSection(SolutionConfigurationPlatforms) = preSolution
		Debug|Any CPU = Debug|Any CPU
		Release|Any CPU = Release|Any CPU
	EndGlobalSection
	GlobalSection(ProjectConfigurationPlatforms) = postSolution
		{EB3BE6E9-DB99-4378-AD36-8D4A899D1BB3}.Debug|Any CPU.ActiveCfg = Debug|Any CPU
		{EB3BE6E9-DB99-4378-AD36-8D4A899D1BB3}.Debug|Any CPU.Build.0 = Debug|Any CPU
		{EB3BE6E9-DB99-4378-AD36-8D4A899D1BB3}.Release|Any CPU.ActiveCfg = Release|Any CPU
		{EB3BE6E9-DB99-4378-AD36-8D4A899D1BB3}.Release|Any CPU.Build.0 = Release|Any CPU
	EndGlobalSection
	GlobalSection(SolutionProperties) = preSolution
		HideSolutionNode = FALSE
	EndGlobalSection
EndGlobal
